
Microsoft Visual Studio Solution File, Format Version 12.00
# Visual Studio Version 17
VisualStudioVersion = 17.9.34310.174
MinimumVisualStudioVersion = 10.0.40219.1
Project("{2150E333-8FDC-42A3-9474-1A3956D46DE8}") = "Dersler", "Dersler", "{CDB3B03B-EB03-46D5-9335-D95F48FF7A74}"
EndProject
Project("{9A19103F-16F7-4668-BE54-9A1E7A4F7556}") = "Intro", "Intro\Intro.csproj", "{214775F2-5672-408D-9AD3-F09119A84769}"
EndProject
Project("{FAE04EC0-301F-11D3-BF4B-00C04F79EFBC}") = "WebApi", "Dersler\WebApi\WebApi.csproj", "{EE1FD5D1-9C83-46A3-9F00-753057A9A81A}"
EndProject
Project("{FAE04EC0-301F-11D3-BF4B-00C04F79EFBC}") = "Business", "Dersler\Business\Business.csproj", "{DBF4868B-5E70-4427-BEE7-903F4076E1F0}"
EndProject
Project("{FAE04EC0-301F-11D3-BF4B-00C04F79EFBC}") = "DataAccess", "Dersler\DataAccess\DataAccess.csproj", "{917AD203-A763-4C9A-93A9-01B74339D3FF}"
EndProject
Project("{FAE04EC0-301F-11D3-BF4B-00C04F79EFBC}") = "Entities", "Dersler\Entities\Entities.csproj", "{789B57A8-D7DD-4577-8F73-AEAFA2EDBC7A}"
EndProject
Project("{FAE04EC0-301F-11D3-BF4B-00C04F79EFBC}") = "Core", "Dersler\Core\Core.csproj", "{BD3FC3B9-B8A0-4DAB-875D-902B09796A56}"
EndProject
Global
	GlobalSection(SolutionConfigurationPlatforms) = preSolution
		Debug|Any CPU = Debug|Any CPU
		Release|Any CPU = Release|Any CPU
	EndGlobalSection
	GlobalSection(ProjectConfigurationPlatforms) = postSolution
		{214775F2-5672-408D-9AD3-F09119A84769}.Debug|Any CPU.ActiveCfg = Debug|Any CPU
		{214775F2-5672-408D-9AD3-F09119A84769}.Debug|Any CPU.Build.0 = Debug|Any CPU
		{214775F2-5672-408D-9AD3-F09119A84769}.Release|Any CPU.ActiveCfg = Release|Any CPU
		{214775F2-5672-408D-9AD3-F09119A84769}.Release|Any CPU.Build.0 = Release|Any CPU
		{EE1FD5D1-9C83-46A3-9F00-753057A9A81A}.Debug|Any CPU.ActiveCfg = Debug|Any CPU
		{EE1FD5D1-9C83-46A3-9F00-753057A9A81A}.Debug|Any CPU.Build.0 = Debug|Any CPU
		{EE1FD5D1-9C83-46A3-9F00-753057A9A81A}.Release|Any CPU.ActiveCfg = Release|Any CPU
		{EE1FD5D1-9C83-46A3-9F00-753057A9A81A}.Release|Any CPU.Build.0 = Release|Any CPU
		{DBF4868B-5E70-4427-BEE7-903F4076E1F0}.Debug|Any CPU.ActiveCfg = Debug|Any CPU
		{DBF4868B-5E70-4427-BEE7-903F4076E1F0}.Debug|Any CPU.Build.0 = Debug|Any CPU
		{DBF4868B-5E70-4427-BEE7-903F4076E1F0}.Release|Any CPU.ActiveCfg = Release|Any CPU
		{DBF4868B-5E70-4427-BEE7-903F4076E1F0}.Release|Any CPU.Build.0 = Release|Any CPU
		{917AD203-A763-4C9A-93A9-01B74339D3FF}.Debug|Any CPU.ActiveCfg = Debug|Any CPU
		{917AD203-A763-4C9A-93A9-01B74339D3FF}.Debug|Any CPU.Build.0 = Debug|Any CPU
		{917AD203-A763-4C9A-93A9-01B74339D3FF}.Release|Any CPU.ActiveCfg = Release|Any CPU
		{917AD203-A763-4C9A-93A9-01B74339D3FF}.Release|Any CPU.Build.0 = Release|Any CPU
		{789B57A8-D7DD-4577-8F73-AEAFA2EDBC7A}.Debug|Any CPU.ActiveCfg = Debug|Any CPU
		{789B57A8-D7DD-4577-8F73-AEAFA2EDBC7A}.Debug|Any CPU.Build.0 = Debug|Any CPU
		{789B57A8-D7DD-4577-8F73-AEAFA2EDBC7A}.Release|Any CPU.ActiveCfg = Release|Any CPU
		{789B57A8-D7DD-4577-8F73-AEAFA2EDBC7A}.Release|Any CPU.Build.0 = Release|Any CPU
		{BD3FC3B9-B8A0-4DAB-875D-902B09796A56}.Debug|Any CPU.ActiveCfg = Debug|Any CPU
		{BD3FC3B9-B8A0-4DAB-875D-902B09796A56}.Debug|Any CPU.Build.0 = Debug|Any CPU
		{BD3FC3B9-B8A0-4DAB-875D-902B09796A56}.Release|Any CPU.ActiveCfg = Release|Any CPU
		{BD3FC3B9-B8A0-4DAB-875D-902B09796A56}.Release|Any CPU.Build.0 = Release|Any CPU
	EndGlobalSection
	GlobalSection(SolutionProperties) = preSolution
		HideSolutionNode = FALSE
	EndGlobalSection
	GlobalSection(NestedProjects) = preSolution
		{EE1FD5D1-9C83-46A3-9F00-753057A9A81A} = {CDB3B03B-EB03-46D5-9335-D95F48FF7A74}
		{DBF4868B-5E70-4427-BEE7-903F4076E1F0} = {CDB3B03B-EB03-46D5-9335-D95F48FF7A74}
		{917AD203-A763-4C9A-93A9-01B74339D3FF} = {CDB3B03B-EB03-46D5-9335-D95F48FF7A74}
		{789B57A8-D7DD-4577-8F73-AEAFA2EDBC7A} = {CDB3B03B-EB03-46D5-9335-D95F48FF7A74}
		{BD3FC3B9-B8A0-4DAB-875D-902B09796A56} = {CDB3B03B-EB03-46D5-9335-D95F48FF7A74}
	EndGlobalSection
	GlobalSection(ExtensibilityGlobals) = postSolution
		SolutionGuid = {13AB009E-1EA5-4873-9976-6A349794284E}
	EndGlobalSection
EndGlobal
